
Microsoft Visual Studio Solution File, Format Version 12.00
# Visual Studio Version 16
VisualStudioVersion = 16.0.29001.49
MinimumVisualStudioVersion = 10.0.40219.1
Project("{8BC9CEB8-8B4A-11D0-8D11-00A0C91BC942}") = "Game", "Game\Game.vcxproj", "{9DE68880-46AB-4544-83E3-CC3A19DF557D}"
EndProject
Project("{8BC9CEB8-8B4A-11D0-8D11-00A0C91BC942}") = "Engine", "Engine\Engine.vcxproj", "{6A5E3B8E-4801-4AF5-B57E-5B54D158F457}"
EndProject
Project("{8BC9CEB8-8B4A-11D0-8D11-00A0C91BC942}") = "ShipGame", "ShipGame\ShipGame.vcxproj", "{56F10845-AA8D-47A3-97D3-3C7AA7ED7832}"
EndProject
Global
	GlobalSection(SolutionConfigurationPlatforms) = preSolution
		Debug|x64 = Debug|x64
		Release|x64 = Release|x64
	EndGlobalSection
	GlobalSection(ProjectConfigurationPlatforms) = postSolution
		{9DE68880-46AB-4544-83E3-CC3A19DF557D}.Debug|x64.ActiveCfg = Debug|x64
		{9DE68880-46AB-4544-83E3-CC3A19DF557D}.Debug|x64.Build.0 = Debug|x64
		{9DE68880-46AB-4544-83E3-CC3A19DF557D}.Release|x64.ActiveCfg = Release|x64
		{9DE68880-46AB-4544-83E3-CC3A19DF557D}.Release|x64.Build.0 = Release|x64
		{6A5E3B8E-4801-4AF5-B57E-5B54D158F457}.Debug|x64.ActiveCfg = Debug|x64
		{6A5E3B8E-4801-4AF5-B57E-5B54D158F457}.Debug|x64.Build.0 = Debug|x64
		{6A5E3B8E-4801-4AF5-B57E-5B54D158F457}.Release|x64.ActiveCfg = Release|x64
		{6A5E3B8E-4801-4AF5-B57E-5B54D158F457}.Release|x64.Build.0 = Release|x64
		{56F10845-AA8D-47A3-97D3-3C7AA7ED7832}.Debug|x64.ActiveCfg = Debug|x64
		{56F10845-AA8D-47A3-97D3-3C7AA7ED7832}.Debug|x64.Build.0 = Debug|x64
		{56F10845-AA8D-47A3-97D3-3C7AA7ED7832}.Release|x64.ActiveCfg = Release|x64
		{56F10845-AA8D-47A3-97D3-3C7AA7ED7832}.Release|x64.Build.0 = Release|x64
	EndGlobalSection
	GlobalSection(SolutionProperties) = preSolution
		HideSolutionNode = FALSE
	EndGlobalSection
	GlobalSection(ExtensibilityGlobals) = postSolution
		SolutionGuid = {8901237D-597E-4FC2-BFA1-51FC7B910105}
	EndGlobalSection
EndGlobal
